
Microsoft Visual Studio Solution File, Format Version 12.00
# Visual Studio Version 16
VisualStudioVersion = 25.0.1700.6
MinimumVisualStudioVersion = 10.0.40219.1
Project("{FAE04EC0-301F-11D3-BF4B-00C04F79EFBC}") = "FursionIDServer", "FursionIDServer\FursionIDServer.csproj", "{A15CA57C-D128-4147-918B-2A6791F12788}"
EndProject
Project("{FAE04EC0-301F-11D3-BF4B-00C04F79EFBC}") = "FursionBlogCore", "FursionBlogCore\FursionBlogCore.csproj", "{3B690902-468A-4DE6-B127-1135FCDF5A92}"
EndProject
Project("{FAE04EC0-301F-11D3-BF4B-00C04F79EFBC}") = "FursionConsole", "FursionConsole\FursionConsole.csproj", "{4C44E2B1-075F-4528-9727-E9DEC2872026}"
EndProject
Project("{FAE04EC0-301F-11D3-BF4B-00C04F79EFBC}") = "FursionTools", "FursionTools\FursionTools.csproj", "{6410EFF8-4935-4362-902C-F1369EE59899}"
EndProject
Project("{FAE04EC0-301F-11D3-BF4B-00C04F79EFBC}") = "FursionBlogAPI", "FursionBlogAPI\FursionBlogAPI.csproj", "{7957106A-4CA4-42A3-ABC8-A6602817A7EE}"
EndProject
Global
	GlobalSection(SolutionConfigurationPlatforms) = preSolution
		Debug|Any CPU = Debug|Any CPU
		Release|Any CPU = Release|Any CPU
	EndGlobalSection
	GlobalSection(ProjectConfigurationPlatforms) = postSolution
		{A15CA57C-D128-4147-918B-2A6791F12788}.Debug|Any CPU.ActiveCfg = Debug|Any CPU
		{A15CA57C-D128-4147-918B-2A6791F12788}.Debug|Any CPU.Build.0 = Debug|Any CPU
		{A15CA57C-D128-4147-918B-2A6791F12788}.Release|Any CPU.ActiveCfg = Release|Any CPU
		{A15CA57C-D128-4147-918B-2A6791F12788}.Release|Any CPU.Build.0 = Release|Any CPU
		{3B690902-468A-4DE6-B127-1135FCDF5A92}.Debug|Any CPU.ActiveCfg = Debug|Any CPU
		{3B690902-468A-4DE6-B127-1135FCDF5A92}.Debug|Any CPU.Build.0 = Debug|Any CPU
		{3B690902-468A-4DE6-B127-1135FCDF5A92}.Release|Any CPU.ActiveCfg = Release|Any CPU
		{3B690902-468A-4DE6-B127-1135FCDF5A92}.Release|Any CPU.Build.0 = Release|Any CPU
		{4C44E2B1-075F-4528-9727-E9DEC2872026}.Debug|Any CPU.ActiveCfg = Debug|Any CPU
		{4C44E2B1-075F-4528-9727-E9DEC2872026}.Debug|Any CPU.Build.0 = Debug|Any CPU
		{4C44E2B1-075F-4528-9727-E9DEC2872026}.Release|Any CPU.ActiveCfg = Release|Any CPU
		{4C44E2B1-075F-4528-9727-E9DEC2872026}.Release|Any CPU.Build.0 = Release|Any CPU
		{6410EFF8-4935-4362-902C-F1369EE59899}.Debug|Any CPU.ActiveCfg = Debug|Any CPU
		{6410EFF8-4935-4362-902C-F1369EE59899}.Debug|Any CPU.Build.0 = Debug|Any CPU
		{6410EFF8-4935-4362-902C-F1369EE59899}.Release|Any CPU.ActiveCfg = Release|Any CPU
		{6410EFF8-4935-4362-902C-F1369EE59899}.Release|Any CPU.Build.0 = Release|Any CPU
		{7957106A-4CA4-42A3-ABC8-A6602817A7EE}.Debug|Any CPU.ActiveCfg = Debug|Any CPU
		{7957106A-4CA4-42A3-ABC8-A6602817A7EE}.Debug|Any CPU.Build.0 = Debug|Any CPU
		{7957106A-4CA4-42A3-ABC8-A6602817A7EE}.Release|Any CPU.ActiveCfg = Release|Any CPU
		{7957106A-4CA4-42A3-ABC8-A6602817A7EE}.Release|Any CPU.Build.0 = Release|Any CPU
	EndGlobalSection
	GlobalSection(SolutionProperties) = preSolution
		HideSolutionNode = FALSE
	EndGlobalSection
	GlobalSection(ExtensibilityGlobals) = postSolution
		SolutionGuid = {AE885D13-32CD-4A0F-A1D9-D213246FDD00}
	EndGlobalSection
EndGlobal
